PODS:
  - Bolts/Tasks (1.8.4)
  - FastCoding+tvOS (3.2.1)
  - iOSDFULibrary (3.1.0):
    - Zip (~> 0.7)
  - MBProgressHUD (1.0.0)
  - MetaWear (2.8.4):
    - Bolts/Tasks (~> 1.8.4)
    - FastCoding+tvOS (~> 3.2.1)
  - StaticDataTableViewController (2.0.5)
  - Zip (0.7.0)

DEPENDENCIES:
  - iOSDFULibrary
  - MBProgressHUD
  - MetaWear
  - StaticDataTableViewController

SPEC CHECKSUMS:
  Bolts: 8a7995239dbe724f9cba2248b766d48b7ebdd322
  FastCoding+tvOS: d314b6daa8389ec790ab362f973f53a5657292bd
  iOSDFULibrary: 3b8a3014e3e4d1bec99b634b2f79fa856e28e556
  MBProgressHUD: 4890f671c94e8a0f3cf959aa731e9de2f036d71a
  MetaWear: 3ce32e1e16a6840846d3f71aab528bf4522f5969
  StaticDataTableViewController: 7ea8d7bc8c7f0a4e9255a320224462c7346c1d4a
  Zip: e34513299ac38c0686d5b24504da7ce343799ab9

PODFILE CHECKSUM: 9c4367628fdfa5ee18a27547a04f4f22f37ed47d

COCOAPODS: 1.2.1
