PODS:
  - Bolts/Tasks (1.7.0)
  - FastCoding (3.2.1)
  - MBProgressHUD (0.9.2)
  - Metawear-iOSAPI (2.4.0):
    - Bolts/Tasks (~> 1.7)
    - FastCoding (~> 3.2.1)
  - StaticDataTableViewController (2.0.5)

DEPENDENCIES:
  - MBProgressHUD
  - Metawear-iOSAPI
  - StaticDataTableViewController

SPEC CHECKSUMS:
  Bolts: a0058fa3b331c5a1e4402d534f2dae36dbff31e4
  FastCoding: ed46c83ba23d048aafa0251972a1e1fc1cfc58ed
  MBProgressHUD: 1569cf7ace17a8bac47aabfbb8580a49690386d1
  Metawear-iOSAPI: 33455c46f2acd0f3140a232d94e92597c5dd28b4
  StaticDataTableViewController: 7ea8d7bc8c7f0a4e9255a320224462c7346c1d4a

COCOAPODS: 0.39.0
