// !$*UTF8*$!
{
	archiveVersion = 1;
	classes = {
	};
	objectVersion = 46;
	objects = {

/* Begin PBXBuildFile section */
		AB6D5C291975140E0046AA25 /* metawear.bin in Resources */ = {isa = PBXBuildFile; fileRef = AB6D5C281975140E0046AA25 /* metawear.bin */; };
		AB6D5C2C197514B70046AA25 /* BeaconViewController.m in Sources */ = {isa = PBXBuildFile; fileRef = AB6D5C2B197514B70046AA25 /* BeaconViewController.m */; };
		AB6D5C2F1976058B0046AA25 /* DFUBootViewController.m in Sources */ = {isa = PBXBuildFile; fileRef = AB6D5C2E1976058B0046AA25 /* DFUBootViewController.m */; };
		AB6D5C32197610050046AA25 /* 2-BARS.png in Resources */ = {isa = PBXBuildFile; fileRef = AB6D5C30197610050046AA25 /* 2-BARS.png */; };
		AB6D5C33197610050046AA25 /* 2-BARS@2x.png in Resources */ = {isa = PBXBuildFile; fileRef = AB6D5C31197610050046AA25 /* 2-BARS@2x.png */; };
		AB6D5C361976100F0046AA25 /* 3-BARS.png in Resources */ = {isa = PBXBuildFile; fileRef = AB6D5C341976100F0046AA25 /* 3-BARS.png */; };
		AB6D5C371976100F0046AA25 /* 3-BARS@2x.png in Resources */ = {isa = PBXBuildFile; fileRef = AB6D5C351976100F0046AA25 /* 3-BARS@2x.png */; };
		AB6D5C3A197610180046AA25 /* 1-BAR.png in Resources */ = {isa = PBXBuildFile; fileRef = AB6D5C38197610180046AA25 /* 1-BAR.png */; };
		AB6D5C3B197610180046AA25 /* 1-BAR@2x.png in Resources */ = {isa = PBXBuildFile; fileRef = AB6D5C39197610180046AA25 /* 1-BAR@2x.png */; };
		AB6D5C3E197610210046AA25 /* 0-BARS.png in Resources */ = {isa = PBXBuildFile; fileRef = AB6D5C3C197610210046AA25 /* 0-BARS.png */; };
		AB6D5C3F197610210046AA25 /* 0-BARS@2x.png in Resources */ = {isa = PBXBuildFile; fileRef = AB6D5C3D197610210046AA25 /* 0-BARS@2x.png */; };
		AB6D5C42197611950046AA25 /* DFUUploadViewController.m in Sources */ = {isa = PBXBuildFile; fileRef = AB6D5C41197611950046AA25 /* DFUUploadViewController.m */; };
		AB8553C41940C86B007AE023 /* Foundation.framework in Frameworks */ = {isa = PBXBuildFile; fileRef = AB8553C31940C86B007AE023 /* Foundation.framework */; };
		AB8553C61940C86B007AE023 /* CoreGraphics.framework in Frameworks */ = {isa = PBXBuildFile; fileRef = AB8553C51940C86B007AE023 /* CoreGraphics.framework */; };
		AB8553C81940C86B007AE023 /* UIKit.framework in Frameworks */ = {isa = PBXBuildFile; fileRef = AB8553C71940C86B007AE023 /* UIKit.framework */; };
		AB8553CE1940C86B007AE023 /* InfoPlist.strings in Resources */ = {isa = PBXBuildFile; fileRef = AB8553CC1940C86B007AE023 /* InfoPlist.strings */; };
		AB8553D01940C86B007AE023 /* main.m in Sources */ = {isa = PBXBuildFile; fileRef = AB8553CF1940C86B007AE023 /* main.m */; };
		AB8553D71940C86B007AE023 /* Main_iPhone.storyboard in Resources */ = {isa = PBXBuildFile; fileRef = AB8553D51940C86B007AE023 /* Main_iPhone.storyboard */; };
		AB8553DA1940C86B007AE023 /* Main_iPad.storyboard in Resources */ = {isa = PBXBuildFile; fileRef = AB8553D81940C86B007AE023 /* Main_iPad.storyboard */; };
		AB8553E61940C86B007AE023 /* XCTest.framework in Frameworks */ = {isa = PBXBuildFile; fileRef = AB8553E51940C86B007AE023 /* XCTest.framework */; };
		AB8553E71940C86B007AE023 /* Foundation.framework in Frameworks */ = {isa = PBXBuildFile; fileRef = AB8553C31940C86B007AE023 /* Foundation.framework */; };
		AB8553E81940C86B007AE023 /* UIKit.framework in Frameworks */ = {isa = PBXBuildFile; fileRef = AB8553C71940C86B007AE023 /* UIKit.framework */; };
		AB8553F01940C86B007AE023 /* InfoPlist.strings in Resources */ = {isa = PBXBuildFile; fileRef = AB8553EE1940C86B007AE023 /* InfoPlist.strings */; };
		AB8553F21940C86B007AE023 /* MetaWearAppTests.m in Sources */ = {isa = PBXBuildFile; fileRef = AB8553F11940C86B007AE023 /* MetaWearAppTests.m */; };
		AB8554071940C90A007AE023 /* MetaWearViewController.m in Sources */ = {isa = PBXBuildFile; fileRef = AB8553FC1940C90A007AE023 /* MetaWearViewController.m */; };
		AB8554081940C90A007AE023 /* FinderViewController.m in Sources */ = {isa = PBXBuildFile; fileRef = AB8553FE1940C90A007AE023 /* FinderViewController.m */; };
		AB8554091940C90A007AE023 /* LedViewController.m in Sources */ = {isa = PBXBuildFile; fileRef = AB8554001940C90A007AE023 /* LedViewController.m */; };
		AB85540A1940C90A007AE023 /* AccelerometerViewController.m in Sources */ = {isa = PBXBuildFile; fileRef = AB8554021940C90A007AE023 /* AccelerometerViewController.m */; };
		AB85540B1940C90A007AE023 /* StatusViewController.m in Sources */ = {isa = PBXBuildFile; fileRef = AB8554041940C90A007AE023 /* StatusViewController.m */; };
		AB85540C1940C90A007AE023 /* AppDelegate.m in Sources */ = {isa = PBXBuildFile; fileRef = AB8554061940C90A007AE023 /* AppDelegate.m */; };
		ABD6B2D91974C08E00398A48 /* DFUController.m in Sources */ = {isa = PBXBuildFile; fileRef = ABD6B2D41974C08E00398A48 /* DFUController.m */; };
		ABD6B2DA1974C08E00398A48 /* DFUTargetAdapter.m in Sources */ = {isa = PBXBuildFile; fileRef = ABD6B2D61974C08E00398A48 /* DFUTargetAdapter.m */; };
		ABE6CEF91940CA1C00941696 /* libMetaWearAPI.a in Frameworks */ = {isa = PBXBuildFile; fileRef = ABE6CEF51940CA1C00941696 /* libMetaWearAPI.a */; };
		ABE6CF031940CAC000941696 /* close_range.png in Resources */ = {isa = PBXBuildFile; fileRef = ABE6CEFE1940CAC000941696 /* close_range.png */; };
		ABE6CF041940CAC000941696 /* close1_range.png in Resources */ = {isa = PBXBuildFile; fileRef = ABE6CEFF1940CAC000941696 /* close1_range.png */; };
		ABE6CF051940CAC000941696 /* close2_range.png in Resources */ = {isa = PBXBuildFile; fileRef = ABE6CF001940CAC000941696 /* close2_range.png */; };
		ABE6CF061940CAC000941696 /* close3_range.png in Resources */ = {isa = PBXBuildFile; fileRef = ABE6CF011940CAC000941696 /* close3_range.png */; };
		ABE6CF071940CAC000941696 /* close4_range.png in Resources */ = {isa = PBXBuildFile; fileRef = ABE6CF021940CAC000941696 /* close4_range.png */; };
		ABE6CF0D1940CB2200941696 /* AccelerometerFilter.m in Sources */ = {isa = PBXBuildFile; fileRef = ABE6CF0A1940CB2200941696 /* AccelerometerFilter.m */; };
		ABE6CF0E1940CB2200941696 /* GraphView.m in Sources */ = {isa = PBXBuildFile; fileRef = ABE6CF0C1940CB2200941696 /* GraphView.m */; };
		ABE6CF2E1940CB9300941696 /* RSBrightnessSlider.m in Sources */ = {isa = PBXBuildFile; fileRef = ABE6CF241940CB9300941696 /* RSBrightnessSlider.m */; };
		ABE6CF2F1940CB9300941696 /* RSColorPicker-Info.plist in Resources */ = {isa = PBXBuildFile; fileRef = ABE6CF251940CB9300941696 /* RSColorPicker-Info.plist */; };
		ABE6CF311940CB9300941696 /* RSColorPickerAppDelegate.m in Sources */ = {isa = PBXBuildFile; fileRef = ABE6CF291940CB9300941696 /* RSColorPickerAppDelegate.m */; };
		ABE6CF321940CB9300941696 /* RSOpacitySlider.m in Sources */ = {isa = PBXBuildFile; fileRef = ABE6CF2B1940CB9300941696 /* RSOpacitySlider.m */; };
		ABE6CF331940CB9300941696 /* TestColorViewController.m in Sources */ = {isa = PBXBuildFile; fileRef = ABE6CF2D1940CB9300941696 /* TestColorViewController.m */; };
		ABE6CF531940CC2200941696 /* BGRSLoupeLayer.m in Sources */ = {isa = PBXBuildFile; fileRef = ABE6CF481940CC2200941696 /* BGRSLoupeLayer.m */; };
		ABE6CF541940CC2200941696 /* RSColorFunctions.m in Sources */ = {isa = PBXBuildFile; fileRef = ABE6CF4A1940CC2200941696 /* RSColorFunctions.m */; };
		ABE6CF551940CC2200941696 /* RSColorPickerState.m in Sources */ = {isa = PBXBuildFile; fileRef = ABE6CF4C1940CC2200941696 /* RSColorPickerState.m */; };
		ABE6CF561940CC2200941696 /* RSColorPickerView.m in Sources */ = {isa = PBXBuildFile; fileRef = ABE6CF4E1940CC2200941696 /* RSColorPickerView.m */; };
		ABE6CF571940CC2200941696 /* RSGenerateOperation.m in Sources */ = {isa = PBXBuildFile; fileRef = ABE6CF501940CC2200941696 /* RSGenerateOperation.m */; };
		ABE6CF581940CC2200941696 /* RSSelectionLayer.m in Sources */ = {isa = PBXBuildFile; fileRef = ABE6CF521940CC2200941696 /* RSSelectionLayer.m */; };
		ABE6CF641940CC9400941696 /* ANImageBitmapRep.m in Sources */ = {isa = PBXBuildFile; fileRef = ABE6CF611940CC9400941696 /* ANImageBitmapRep.m */; };
		ABE6CF651940CC9400941696 /* BitmapContextRep.m in Sources */ = {isa = PBXBuildFile; fileRef = ABE6CF631940CC9400941696 /* BitmapContextRep.m */; };
		ABE6CF741940CCE900941696 /* NSImage+ANImageBitmapRep.m in Sources */ = {isa = PBXBuildFile; fileRef = ABE6CF711940CCE900941696 /* NSImage+ANImageBitmapRep.m */; };
		ABE6CF751940CCE900941696 /* OSCommonImage.m in Sources */ = {isa = PBXBuildFile; fileRef = ABE6CF731940CCE900941696 /* OSCommonImage.m */; };
		ABE6CF811940CD1B00941696 /* CGContextCreator.m in Sources */ = {isa = PBXBuildFile; fileRef = ABE6CF7E1940CD1B00941696 /* CGContextCreator.m */; };
		ABE6CF821940CD1B00941696 /* CGImageContainer.m in Sources */ = {isa = PBXBuildFile; fileRef = ABE6CF801940CD1B00941696 /* CGImageContainer.m */; };
		ABE6CF9D1940CD6600941696 /* BitmapContextManipulator.m in Sources */ = {isa = PBXBuildFile; fileRef = ABE6CF941940CD6600941696 /* BitmapContextManipulator.m */; };
		ABE6CF9E1940CD6600941696 /* BitmapCropManipulator.m in Sources */ = {isa = PBXBuildFile; fileRef = ABE6CF961940CD6600941696 /* BitmapCropManipulator.m */; };
		ABE6CF9F1940CD6600941696 /* BitmapDrawManipulator.m in Sources */ = {isa = PBXBuildFile; fileRef = ABE6CF981940CD6600941696 /* BitmapDrawManipulator.m */; };
		ABE6CFA01940CD6600941696 /* BitmapRotationManipulator.m in Sources */ = {isa = PBXBuildFile; fileRef = ABE6CF9A1940CD6600941696 /* BitmapRotationManipulator.m */; };
		ABE6CFA11940CD6600941696 /* BitmapScaleManipulator.m in Sources */ = {isa = PBXBuildFile; fileRef = ABE6CF9C1940CD6600941696 /* BitmapScaleManipulator.m */; };
		ABE6CFA41940CD7200941696 /* UIImage+ANImageBitmapRep.m in Sources */ = {isa = PBXBuildFile; fileRef = ABE6CFA31940CD7200941696 /* UIImage+ANImageBitmapRep.m */; };
		ABFC0F14196E1FE800749E47 /* RootTableViewController.m in Sources */ = {isa = PBXBuildFile; fileRef = ABFC0F13196E1FE800749E47 /* RootTableViewController.m */; };
		ABFC0F26196E414800749E47 /* CoreBluetooth.framework in Frameworks */ = {isa = PBXBuildFile; fileRef = ABFC0F25196E414800749E47 /* CoreBluetooth.framework */; };
		D0907BAF197F602C000C499B /* MBLAccelerometerData.m in Sources */ = {isa = PBXBuildFile; fileRef = D0907BAE197F602C000C499B /* MBLAccelerometerData.m */; };
		D0BF7223197E0276006AEE66 /* StartViewController.m in Sources */ = {isa = PBXBuildFile; fileRef = D0BF7222197E0276006AEE66 /* StartViewController.m */; };
		D0BF7225197E3FBE006AEE66 /* Images.xcassets in Resources */ = {isa = PBXBuildFile; fileRef = D0BF7224197E3FBE006AEE66 /* Images.xcassets */; };
/* End PBXBuildFile section */

/* Begin PBXContainerItemProxy section */
		AB8553E91940C86B007AE023 /* PBXContainerItemProxy */ = {
			isa = PBXContainerItemProxy;
			containerPortal = AB8553B81940C86B007AE023 /* Project object */;
			proxyType = 1;
			remoteGlobalIDString = AB8553BF1940C86B007AE023;
			remoteInfo = MetaWearApp;
		};
/* End PBXContainerItemProxy section */

/* Begin PBXFileReference section */
		AB6D5C281975140E0046AA25 /* metawear.bin */ = {isa = PBXFileReference; lastKnownFileType = archive.macbinary; path = metawear.bin; sourceTree = "<group>"; };
		AB6D5C2A197514B70046AA25 /* BeaconViewController.h */ = {isa = PBXFileReference; fileEncoding = 4; lastKnownFileType = sourcecode.c.h; path = BeaconViewController.h; sourceTree = "<group>"; };
		AB6D5C2B197514B70046AA25 /* BeaconViewController.m */ = {isa = PBXFileReference; fileEncoding = 4; lastKnownFileType = sourcecode.c.objc; path = BeaconViewController.m; sourceTree = "<group>"; };
		AB6D5C2D1976058B0046AA25 /* DFUBootViewController.h */ = {isa = PBXFileReference; fileEncoding = 4; lastKnownFileType = sourcecode.c.h; path = DFUBootViewController.h; sourceTree = "<group>"; };
		AB6D5C2E1976058B0046AA25 /* DFUBootViewController.m */ = {isa = PBXFileReference; fileEncoding = 4; lastKnownFileType = sourcecode.c.objc; path = DFUBootViewController.m; sourceTree = "<group>"; };
		AB6D5C30197610050046AA25 /* 2-BARS.png */ = {isa = PBXFileReference; lastKnownFileType = image.png; path = "2-BARS.png"; sourceTree = "<group>"; };
		AB6D5C31197610050046AA25 /* 2-BARS@2x.png */ = {isa = PBXFileReference; lastKnownFileType = image.png; path = "2-BARS@2x.png"; sourceTree = "<group>"; };
		AB6D5C341976100F0046AA25 /* 3-BARS.png */ = {isa = PBXFileReference; lastKnownFileType = image.png; path = "3-BARS.png"; sourceTree = "<group>"; };
		AB6D5C351976100F0046AA25 /* 3-BARS@2x.png */ = {isa = PBXFileReference; lastKnownFileType = image.png; path = "3-BARS@2x.png"; sourceTree = "<group>"; };
		AB6D5C38197610180046AA25 /* 1-BAR.png */ = {isa = PBXFileReference; lastKnownFileType = image.png; path = "1-BAR.png"; sourceTree = "<group>"; };
		AB6D5C39197610180046AA25 /* 1-BAR@2x.png */ = {isa = PBXFileReference; lastKnownFileType = image.png; path = "1-BAR@2x.png"; sourceTree = "<group>"; };
		AB6D5C3C197610210046AA25 /* 0-BARS.png */ = {isa = PBXFileReference; lastKnownFileType = image.png; path = "0-BARS.png"; sourceTree = "<group>"; };
		AB6D5C3D197610210046AA25 /* 0-BARS@2x.png */ = {isa = PBXFileReference; lastKnownFileType = image.png; path = "0-BARS@2x.png"; sourceTree = "<group>"; };
		AB6D5C40197611950046AA25 /* DFUUploadViewController.h */ = {isa = PBXFileReference; fileEncoding = 4; lastKnownFileType = sourcecode.c.h; path = DFUUploadViewController.h; sourceTree = "<group>"; };
		AB6D5C41197611950046AA25 /* DFUUploadViewController.m */ = {isa = PBXFileReference; fileEncoding = 4; lastKnownFileType = sourcecode.c.objc; path = DFUUploadViewController.m; sourceTree = "<group>"; };
		AB8553C01940C86B007AE023 /* MetaWearApp.app */ = {isa = PBXFileReference; explicitFileType = wrapper.application; includeInIndex = 0; path = MetaWearApp.app; sourceTree = BUILT_PRODUCTS_DIR; };
		AB8553C31940C86B007AE023 /* Foundation.framework */ = {isa = PBXFileReference; lastKnownFileType = wrapper.framework; name = Foundation.framework; path = System/Library/Frameworks/Foundation.framework; sourceTree = SDKROOT; };
		AB8553C51940C86B007AE023 /* CoreGraphics.framework */ = {isa = PBXFileReference; lastKnownFileType = wrapper.framework; name = CoreGraphics.framework; path = System/Library/Frameworks/CoreGraphics.framework; sourceTree = SDKROOT; };
		AB8553C71940C86B007AE023 /* UIKit.framework */ = {isa = PBXFileReference; lastKnownFileType = wrapper.framework; name = UIKit.framework; path = System/Library/Frameworks/UIKit.framework; sourceTree = SDKROOT; };
		AB8553CB1940C86B007AE023 /* MetaWearApp-Info.plist */ = {isa = PBXFileReference; lastKnownFileType = text.plist.xml; path = "MetaWearApp-Info.plist"; sourceTree = "<group>"; };
		AB8553CD1940C86B007AE023 /* en */ = {isa = PBXFileReference; lastKnownFileType = text.plist.strings; name = en; path = en.lproj/InfoPlist.strings; sourceTree = "<group>"; };
		AB8553CF1940C86B007AE023 /* main.m */ = {isa = PBXFileReference; lastKnownFileType = sourcecode.c.objc; path = main.m; sourceTree = "<group>"; };
		AB8553D11940C86B007AE023 /* MetaWearApp-Prefix.pch */ = {isa = PBXFileReference; lastKnownFileType = sourcecode.c.h; path = "MetaWearApp-Prefix.pch"; sourceTree = "<group>"; };
		AB8553D61940C86B007AE023 /* Base */ = {isa = PBXFileReference; lastKnownFileType = file.storyboard; name = Base; path = Base.lproj/Main_iPhone.storyboard; sourceTree = "<group>"; };
		AB8553D91940C86B007AE023 /* Base */ = {isa = PBXFileReference; lastKnownFileType = file.storyboard; name = Base; path = Base.lproj/Main_iPad.storyboard; sourceTree = "<group>"; };
		AB8553E41940C86B007AE023 /* MetaWearAppTests.xctest */ = {isa = PBXFileReference; explicitFileType = wrapper.cfbundle; includeInIndex = 0; path = MetaWearAppTests.xctest; sourceTree = BUILT_PRODUCTS_DIR; };
		AB8553E51940C86B007AE023 /* XCTest.framework */ = {isa = PBXFileReference; lastKnownFileType = wrapper.framework; name = XCTest.framework; path = Library/Frameworks/XCTest.framework; sourceTree = DEVELOPER_DIR; };
		AB8553ED1940C86B007AE023 /* MetaWearAppTests-Info.plist */ = {isa = PBXFileReference; lastKnownFileType = text.plist.xml; path = "MetaWearAppTests-Info.plist"; sourceTree = "<group>"; };
		AB8553EF1940C86B007AE023 /* en */ = {isa = PBXFileReference; lastKnownFileType = text.plist.strings; name = en; path = en.lproj/InfoPlist.strings; sourceTree = "<group>"; };
		AB8553F11940C86B007AE023 /* MetaWearAppTests.m */ = {isa = PBXFileReference; lastKnownFileType = sourcecode.c.objc; path = MetaWearAppTests.m; sourceTree = "<group>"; };
		AB8553FB1940C90A007AE023 /* MetaWearViewController.h */ = {isa = PBXFileReference; fileEncoding = 4; lastKnownFileType = sourcecode.c.h; path = MetaWearViewController.h; sourceTree = "<group>"; };
		AB8553FC1940C90A007AE023 /* MetaWearViewController.m */ = {isa = PBXFileReference; fileEncoding = 4; lastKnownFileType = sourcecode.c.objc; path = MetaWearViewController.m; sourceTree = "<group>"; };
		AB8553FD1940C90A007AE023 /* FinderViewController.h */ = {isa = PBXFileReference; fileEncoding = 4; lastKnownFileType = sourcecode.c.h; path = FinderViewController.h; sourceTree = "<group>"; };
		AB8553FE1940C90A007AE023 /* FinderViewController.m */ = {isa = PBXFileReference; fileEncoding = 4; lastKnownFileType = sourcecode.c.objc; path = FinderViewController.m; sourceTree = "<group>"; };
		AB8553FF1940C90A007AE023 /* LedViewController.h */ = {isa = PBXFileReference; fileEncoding = 4; lastKnownFileType = sourcecode.c.h; path = LedViewController.h; sourceTree = "<group>"; };
		AB8554001940C90A007AE023 /* LedViewController.m */ = {isa = PBXFileReference; fileEncoding = 4; lastKnownFileType = sourcecode.c.objc; path = LedViewController.m; sourceTree = "<group>"; };
		AB8554011940C90A007AE023 /* AccelerometerViewController.h */ = {isa = PBXFileReference; fileEncoding = 4; lastKnownFileType = sourcecode.c.h; path = AccelerometerViewController.h; sourceTree = "<group>"; };
		AB8554021940C90A007AE023 /* AccelerometerViewController.m */ = {isa = PBXFileReference; fileEncoding = 4; lastKnownFileType = sourcecode.c.objc; path = AccelerometerViewController.m; sourceTree = "<group>"; };
		AB8554031940C90A007AE023 /* StatusViewController.h */ = {isa = PBXFileReference; fileEncoding = 4; lastKnownFileType = sourcecode.c.h; path = StatusViewController.h; sourceTree = "<group>"; };
		AB8554041940C90A007AE023 /* StatusViewController.m */ = {isa = PBXFileReference; fileEncoding = 4; lastKnownFileType = sourcecode.c.objc; path = StatusViewController.m; sourceTree = "<group>"; };
		AB8554051940C90A007AE023 /* AppDelegate.h */ = {isa = PBXFileReference; fileEncoding = 4; lastKnownFileType = sourcecode.c.h; path = AppDelegate.h; sourceTree = "<group>"; };
		AB8554061940C90A007AE023 /* AppDelegate.m */ = {isa = PBXFileReference; fileEncoding = 4; lastKnownFileType = sourcecode.c.objc; path = AppDelegate.m; sourceTree = "<group>"; };
		ABB0948C19630BBC00BDE8ED /* BLEDevice.h */ = {isa = PBXFileReference; fileEncoding = 4; lastKnownFileType = sourcecode.c.h; name = BLEDevice.h; path = MetaWearApp/MetaWearAPI/BLEDevice.h; sourceTree = "<group>"; };
		ABB0948D19630BBC00BDE8ED /* BLEUtility.h */ = {isa = PBXFileReference; fileEncoding = 4; lastKnownFileType = sourcecode.c.h; name = BLEUtility.h; path = MetaWearApp/MetaWearAPI/BLEUtility.h; sourceTree = "<group>"; };
		ABB0948E19630BBC00BDE8ED /* Sensors.h */ = {isa = PBXFileReference; fileEncoding = 4; lastKnownFileType = sourcecode.c.h; name = Sensors.h; path = MetaWearApp/MetaWearAPI/Sensors.h; sourceTree = "<group>"; };
		ABD6B2D31974C08E00398A48 /* DFUController.h */ = {isa = PBXFileReference; fileEncoding = 4; lastKnownFileType = sourcecode.c.h; name = DFUController.h; path = MetaWearApp/DFUController.h; sourceTree = "<group>"; };
		ABD6B2D41974C08E00398A48 /* DFUController.m */ = {isa = PBXFileReference; fileEncoding = 4; lastKnownFileType = sourcecode.c.objc; name = DFUController.m; path = MetaWearApp/DFUController.m; sourceTree = "<group>"; };
		ABD6B2D51974C08E00398A48 /* DFUTargetAdapter.h */ = {isa = PBXFileReference; fileEncoding = 4; lastKnownFileType = sourcecode.c.h; name = DFUTargetAdapter.h; path = MetaWearApp/DFUTargetAdapter.h; sourceTree = "<group>"; };
		ABD6B2D61974C08E00398A48 /* DFUTargetAdapter.m */ = {isa = PBXFileReference; fileEncoding = 4; lastKnownFileType = sourcecode.c.objc; name = DFUTargetAdapter.m; path = MetaWearApp/DFUTargetAdapter.m; sourceTree = "<group>"; };
		ABE6CEF51940CA1C00941696 /* libMetaWearAPI.a */ = {isa = PBXFileReference; lastKnownFileType = archive.ar; name = libMetaWearAPI.a; path = MetaWearApp/MetaWearAPI/libMetaWearAPI.a; sourceTree = "<group>"; };
		ABE6CEF61940CA1C00941696 /* MetaWearAPI.h */ = {isa = PBXFileReference; fileEncoding = 4; lastKnownFileType = sourcecode.c.h; name = MetaWearAPI.h; path = MetaWearApp/MetaWearAPI/MetaWearAPI.h; sourceTree = "<group>"; };
		ABE6CEF71940CA1C00941696 /* MetaWearDelegate.h */ = {isa = PBXFileReference; fileEncoding = 4; lastKnownFileType = sourcecode.c.h; name = MetaWearDelegate.h; path = MetaWearApp/MetaWearAPI/MetaWearDelegate.h; sourceTree = "<group>"; };
		ABE6CEFE1940CAC000941696 /* close_range.png */ = {isa = PBXFileReference; lastKnownFileType = image.png; name = close_range.png; path = Images/close_range.png; sourceTree = "<group>"; };
		ABE6CEFF1940CAC000941696 /* close1_range.png */ = {isa = PBXFileReference; lastKnownFileType = image.png; name = close1_range.png; path = Images/close1_range.png; sourceTree = "<group>"; };
		ABE6CF001940CAC000941696 /* close2_range.png */ = {isa = PBXFileReference; lastKnownFileType = image.png; name = close2_range.png; path = Images/close2_range.png; sourceTree = "<group>"; };
		ABE6CF011940CAC000941696 /* close3_range.png */ = {isa = PBXFileReference; lastKnownFileType = image.png; name = close3_range.png; path = Images/close3_range.png; sourceTree = "<group>"; };
		ABE6CF021940CAC000941696 /* close4_range.png */ = {isa = PBXFileReference; lastKnownFileType = image.png; name = close4_range.png; path = Images/close4_range.png; sourceTree = "<group>"; };
		ABE6CF091940CB2200941696 /* AccelerometerFilter.h */ = {isa = PBXFileReference; fileEncoding = 4; lastKnownFileType = sourcecode.c.h; name = AccelerometerFilter.h; path = Accelerometer/AccelerometerFilter.h; sourceTree = "<group>"; };
		ABE6CF0A1940CB2200941696 /* AccelerometerFilter.m */ = {isa = PBXFileReference; fileEncoding = 4; lastKnownFileType = sourcecode.c.objc; name = AccelerometerFilter.m; path = Accelerometer/AccelerometerFilter.m; sourceTree = "<group>"; };
		ABE6CF0B1940CB2200941696 /* GraphView.h */ = {isa = PBXFileReference; fileEncoding = 4; lastKnownFileType = sourcecode.c.h; name = GraphView.h; path = Accelerometer/GraphView.h; sourceTree = "<group>"; };
		ABE6CF0C1940CB2200941696 /* GraphView.m */ = {isa = PBXFileReference; fileEncoding = 4; lastKnownFileType = sourcecode.c.objc; name = GraphView.m; path = Accelerometer/GraphView.m; sourceTree = "<group>"; };
		ABE6CF231940CB9300941696 /* RSBrightnessSlider.h */ = {isa = PBXFileReference; fileEncoding = 4; lastKnownFileType = sourcecode.c.h; name = RSBrightnessSlider.h; path = ColorPicker/RSBrightnessSlider.h; sourceTree = "<group>"; };
		ABE6CF241940CB9300941696 /* RSBrightnessSlider.m */ = {isa = PBXFileReference; fileEncoding = 4; lastKnownFileType = sourcecode.c.objc; name = RSBrightnessSlider.m; path = ColorPicker/RSBrightnessSlider.m; sourceTree = "<group>"; };
		ABE6CF251940CB9300941696 /* RSColorPicker-Info.plist */ = {isa = PBXFileReference; fileEncoding = 4; lastKnownFileType = text.plist.xml; name = "RSColorPicker-Info.plist"; path = "ColorPicker/RSColorPicker-Info.plist"; sourceTree = "<group>"; };
		ABE6CF271940CB9300941696 /* RSColorPicker-Prefix.pch */ = {isa = PBXFileReference; fileEncoding = 4; lastKnownFileType = sourcecode.c.h; name = "RSColorPicker-Prefix.pch"; path = "ColorPicker/RSColorPicker-Prefix.pch"; sourceTree = "<group>"; };
		ABE6CF281940CB9300941696 /* RSColorPickerAppDelegate.h */ = {isa = PBXFileReference; fileEncoding = 4; lastKnownFileType = sourcecode.c.h; name = RSColorPickerAppDelegate.h; path = ColorPicker/RSColorPickerAppDelegate.h; sourceTree = "<group>"; };
		ABE6CF291940CB9300941696 /* RSColorPickerAppDelegate.m */ = {isa = PBXFileReference; fileEncoding = 4; lastKnownFileType = sourcecode.c.objc; name = RSColorPickerAppDelegate.m; path = ColorPicker/RSColorPickerAppDelegate.m; sourceTree = "<group>"; };
		ABE6CF2A1940CB9300941696 /* RSOpacitySlider.h */ = {isa = PBXFileReference; fileEncoding = 4; lastKnownFileType = sourcecode.c.h; name = RSOpacitySlider.h; path = ColorPicker/RSOpacitySlider.h; sourceTree = "<group>"; };
		ABE6CF2B1940CB9300941696 /* RSOpacitySlider.m */ = {isa = PBXFileReference; fileEncoding = 4; lastKnownFileType = sourcecode.c.objc; name = RSOpacitySlider.m; path = ColorPicker/RSOpacitySlider.m; sourceTree = "<group>"; };
		ABE6CF2C1940CB9300941696 /* TestColorViewController.h */ = {isa = PBXFileReference; fileEncoding = 4; lastKnownFileType = sourcecode.c.h; name = TestColorViewController.h; path = ColorPicker/TestColorViewController.h; sourceTree = "<group>"; };
		ABE6CF2D1940CB9300941696 /* TestColorViewController.m */ = {isa = PBXFileReference; fileEncoding = 4; lastKnownFileType = sourcecode.c.objc; name = TestColorViewController.m; path = ColorPicker/TestColorViewController.m; sourceTree = "<group>"; };
		ABE6CF471940CC2200941696 /* BGRSLoupeLayer.h */ = {isa = PBXFileReference; fileEncoding = 4; lastKnownFileType = sourcecode.c.h; name = BGRSLoupeLayer.h; path = ColorPicker/BGRSLoupeLayer.h; sourceTree = "<group>"; };
		ABE6CF481940CC2200941696 /* BGRSLoupeLayer.m */ = {isa = PBXFileReference; fileEncoding = 4; lastKnownFileType = sourcecode.c.objc; name = BGRSLoupeLayer.m; path = ColorPicker/BGRSLoupeLayer.m; sourceTree = "<group>"; };
		ABE6CF491940CC2200941696 /* RSColorFunctions.h */ = {isa = PBXFileReference; fileEncoding = 4; lastKnownFileType = sourcecode.c.h; name = RSColorFunctions.h; path = ColorPicker/RSColorFunctions.h; sourceTree = "<group>"; };
		ABE6CF4A1940CC2200941696 /* RSColorFunctions.m */ = {isa = PBXFileReference; fileEncoding = 4; lastKnownFileType = sourcecode.c.objc; name = RSColorFunctions.m; path = ColorPicker/RSColorFunctions.m; sourceTree = "<group>"; };
		ABE6CF4B1940CC2200941696 /* RSColorPickerState.h */ = {isa = PBXFileReference; fileEncoding = 4; lastKnownFileType = sourcecode.c.h; name = RSColorPickerState.h; path = ColorPicker/RSColorPickerState.h; sourceTree = "<group>"; };
		ABE6CF4C1940CC2200941696 /* RSColorPickerState.m */ = {isa = PBXFileReference; fileEncoding = 4; lastKnownFileType = sourcecode.c.objc; name = RSColorPickerState.m; path = ColorPicker/RSColorPickerState.m; sourceTree = "<group>"; };
		ABE6CF4D1940CC2200941696 /* RSColorPickerView.h */ = {isa = PBXFileReference; fileEncoding = 4; lastKnownFileType = sourcecode.c.h; name = RSColorPickerView.h; path = ColorPicker/RSColorPickerView.h; sourceTree = "<group>"; };
		ABE6CF4E1940CC2200941696 /* RSColorPickerView.m */ = {isa = PBXFileReference; fileEncoding = 4; lastKnownFileType = sourcecode.c.objc; name = RSColorPickerView.m; path = ColorPicker/RSColorPickerView.m; sourceTree = "<group>"; };
		ABE6CF4F1940CC2200941696 /* RSGenerateOperation.h */ = {isa = PBXFileReference; fileEncoding = 4; lastKnownFileType = sourcecode.c.h; name = RSGenerateOperation.h; path = ColorPicker/RSGenerateOperation.h; sourceTree = "<group>"; };
		ABE6CF501940CC2200941696 /* RSGenerateOperation.m */ = {isa = PBXFileReference; fileEncoding = 4; lastKnownFileType = sourcecode.c.objc; name = RSGenerateOperation.m; path = ColorPicker/RSGenerateOperation.m; sourceTree = "<group>"; };
		ABE6CF511940CC2200941696 /* RSSelectionLayer.h */ = {isa = PBXFileReference; fileEncoding = 4; lastKnownFileType = sourcecode.c.h; name = RSSelectionLayer.h; path = ColorPicker/RSSelectionLayer.h; sourceTree = "<group>"; };
		ABE6CF521940CC2200941696 /* RSSelectionLayer.m */ = {isa = PBXFileReference; fileEncoding = 4; lastKnownFileType = sourcecode.c.objc; name = RSSelectionLayer.m; path = ColorPicker/RSSelectionLayer.m; sourceTree = "<group>"; };
		ABE6CF601940CC9400941696 /* ANImageBitmapRep.h */ = {isa = PBXFileReference; fileEncoding = 4; lastKnownFileType = sourcecode.c.h; name = ANImageBitmapRep.h; path = ColorPicker/ANImageBitmapRep.h; sourceTree = "<group>"; };
		ABE6CF611940CC9400941696 /* ANImageBitmapRep.m */ = {isa = PBXFileReference; fileEncoding = 4; lastKnownFileType = sourcecode.c.objc; name = ANImageBitmapRep.m; path = ColorPicker/ANImageBitmapRep.m; sourceTree = "<group>"; };
		ABE6CF621940CC9400941696 /* BitmapContextRep.h */ = {isa = PBXFileReference; fileEncoding = 4; lastKnownFileType = sourcecode.c.h; name = BitmapContextRep.h; path = ColorPicker/BitmapContextRep.h; sourceTree = "<group>"; };
		ABE6CF631940CC9400941696 /* BitmapContextRep.m */ = {isa = PBXFileReference; fileEncoding = 4; lastKnownFileType = sourcecode.c.objc; name = BitmapContextRep.m; path = ColorPicker/BitmapContextRep.m; sourceTree = "<group>"; };
		ABE6CF701940CCE900941696 /* NSImage+ANImageBitmapRep.h */ = {isa = PBXFileReference; fileEncoding = 4; lastKnownFileType = sourcecode.c.h; name = "NSImage+ANImageBitmapRep.h"; path = "ColorPicker/NSImage+ANImageBitmapRep.h"; sourceTree = "<group>"; };
		ABE6CF711940CCE900941696 /* NSImage+ANImageBitmapRep.m */ = {isa = PBXFileReference; fileEncoding = 4; lastKnownFileType = sourcecode.c.objc; name = "NSImage+ANImageBitmapRep.m"; path = "ColorPicker/NSImage+ANImageBitmapRep.m"; sourceTree = "<group>"; };
		ABE6CF721940CCE900941696 /* OSCommonImage.h */ = {isa = PBXFileReference; fileEncoding = 4; lastKnownFileType = sourcecode.c.h; name = OSCommonImage.h; path = ColorPicker/OSCommonImage.h; sourceTree = "<group>"; };
		ABE6CF731940CCE900941696 /* OSCommonImage.m */ = {isa = PBXFileReference; fileEncoding = 4; lastKnownFileType = sourcecode.c.objc; name = OSCommonImage.m; path = ColorPicker/OSCommonImage.m; sourceTree = "<group>"; };
		ABE6CF7D1940CD1B00941696 /* CGContextCreator.h */ = {isa = PBXFileReference; fileEncoding = 4; lastKnownFileType = sourcecode.c.h; name = CGContextCreator.h; path = ColorPicker/CGContextCreator.h; sourceTree = "<group>"; };
		ABE6CF7E1940CD1B00941696 /* CGContextCreator.m */ = {isa = PBXFileReference; fileEncoding = 4; lastKnownFileType = sourcecode.c.objc; name = CGContextCreator.m; path = ColorPicker/CGContextCreator.m; sourceTree = "<group>"; };
		ABE6CF7F1940CD1B00941696 /* CGImageContainer.h */ = {isa = PBXFileReference; fileEncoding = 4; lastKnownFileType = sourcecode.c.h; name = CGImageContainer.h; path = ColorPicker/CGImageContainer.h; sourceTree = "<group>"; };
		ABE6CF801940CD1B00941696 /* CGImageContainer.m */ = {isa = PBXFileReference; fileEncoding = 4; lastKnownFileType = sourcecode.c.objc; name = CGImageContainer.m; path = ColorPicker/CGImageContainer.m; sourceTree = "<group>"; };
		ABE6CF931940CD6600941696 /* BitmapContextManipulator.h */ = {isa = PBXFileReference; fileEncoding = 4; lastKnownFileType = sourcecode.c.h; name = BitmapContextManipulator.h; path = ColorPicker/BitmapContextManipulator.h; sourceTree = "<group>"; };
		ABE6CF941940CD6600941696 /* BitmapContextManipulator.m */ = {isa = PBXFileReference; fileEncoding = 4; lastKnownFileType = sourcecode.c.objc; name = BitmapContextManipulator.m; path = ColorPicker/BitmapContextManipulator.m; sourceTree = "<group>"; };
		ABE6CF951940CD6600941696 /* BitmapCropManipulator.h */ = {isa = PBXFileReference; fileEncoding = 4; lastKnownFileType = sourcecode.c.h; name = BitmapCropManipulator.h; path = ColorPicker/BitmapCropManipulator.h; sourceTree = "<group>"; };
		ABE6CF961940CD6600941696 /* BitmapCropManipulator.m */ = {isa = PBXFileReference; fileEncoding = 4; lastKnownFileType = sourcecode.c.objc; name = BitmapCropManipulator.m; path = ColorPicker/BitmapCropManipulator.m; sourceTree = "<group>"; };
		ABE6CF971940CD6600941696 /* BitmapDrawManipulator.h */ = {isa = PBXFileReference; fileEncoding = 4; lastKnownFileType = sourcecode.c.h; name = BitmapDrawManipulator.h; path = ColorPicker/BitmapDrawManipulator.h; sourceTree = "<group>"; };
		ABE6CF981940CD6600941696 /* BitmapDrawManipulator.m */ = {isa = PBXFileReference; fileEncoding = 4; lastKnownFileType = sourcecode.c.objc; name = BitmapDrawManipulator.m; path = ColorPicker/BitmapDrawManipulator.m; sourceTree = "<group>"; };
		ABE6CF991940CD6600941696 /* BitmapRotationManipulator.h */ = {isa = PBXFileReference; fileEncoding = 4; lastKnownFileType = sourcecode.c.h; name = BitmapRotationManipulator.h; path = ColorPicker/BitmapRotationManipulator.h; sourceTree = "<group>"; };
		ABE6CF9A1940CD6600941696 /* BitmapRotationManipulator.m */ = {isa = PBXFileReference; fileEncoding = 4; lastKnownFileType = sourcecode.c.objc; name = BitmapRotationManipulator.m; path = ColorPicker/BitmapRotationManipulator.m; sourceTree = "<group>"; };
		ABE6CF9B1940CD6600941696 /* BitmapScaleManipulator.h */ = {isa = PBXFileReference; fileEncoding = 4; lastKnownFileType = sourcecode.c.h; name = BitmapScaleManipulator.h; path = ColorPicker/BitmapScaleManipulator.h; sourceTree = "<group>"; };
		ABE6CF9C1940CD6600941696 /* BitmapScaleManipulator.m */ = {isa = PBXFileReference; fileEncoding = 4; lastKnownFileType = sourcecode.c.objc; name = BitmapScaleManipulator.m; path = ColorPicker/BitmapScaleManipulator.m; sourceTree = "<group>"; };
		ABE6CFA21940CD7200941696 /* UIImage+ANImageBitmapRep.h */ = {isa = PBXFileReference; fileEncoding = 4; lastKnownFileType = sourcecode.c.h; name = "UIImage+ANImageBitmapRep.h"; path = "ColorPicker/UIImage+ANImageBitmapRep.h"; sourceTree = "<group>"; };
		ABE6CFA31940CD7200941696 /* UIImage+ANImageBitmapRep.m */ = {isa = PBXFileReference; fileEncoding = 4; lastKnownFileType = sourcecode.c.objc; name = "UIImage+ANImageBitmapRep.m"; path = "ColorPicker/UIImage+ANImageBitmapRep.m"; sourceTree = "<group>"; };
		ABFC0F12196E1FE800749E47 /* RootTableViewController.h */ = {isa = PBXFileReference; fileEncoding = 4; lastKnownFileType = sourcecode.c.h; path = RootTableViewController.h; sourceTree = "<group>"; };
		ABFC0F13196E1FE800749E47 /* RootTableViewController.m */ = {isa = PBXFileReference; fileEncoding = 4; lastKnownFileType = sourcecode.c.objc; path = RootTableViewController.m; sourceTree = "<group>"; };
		ABFC0F25196E414800749E47 /* CoreBluetooth.framework */ = {isa = PBXFileReference; lastKnownFileType = wrapper.framework; name = CoreBluetooth.framework; path = System/Library/Frameworks/CoreBluetooth.framework; sourceTree = SDKROOT; };
		D0907BAD197F602C000C499B /* MBLAccelerometerData.h */ = {isa = PBXFileReference; fileEncoding = 4; lastKnownFileType = sourcecode.c.h; path = MBLAccelerometerData.h; sourceTree = "<group>"; };
		D0907BAE197F602C000C499B /* MBLAccelerometerData.m */ = {isa = PBXFileReference; fileEncoding = 4; lastKnownFileType = sourcecode.c.objc; path = MBLAccelerometerData.m; sourceTree = "<group>"; };
		D0BF7221197E0276006AEE66 /* StartViewController.h */ = {isa = PBXFileReference; fileEncoding = 4; lastKnownFileType = sourcecode.c.h; path = StartViewController.h; sourceTree = "<group>"; };
		D0BF7222197E0276006AEE66 /* StartViewController.m */ = {isa = PBXFileReference; fileEncoding = 4; lastKnownFileType = sourcecode.c.objc; path = StartViewController.m; sourceTree = "<group>"; };
		D0BF7224197E3FBE006AEE66 /* Images.xcassets */ = {isa = PBXFileReference; lastKnownFileType = folder.assetcatalog; path = Images.xcassets; sourceTree = "<group>"; };
/* End PBXFileReference section */

/* Begin PBXFrameworksBuildPhase section */
		AB8553BD1940C86B007AE023 /* Frameworks */ = {
			isa = PBXFrameworksBuildPhase;
			buildActionMask = 2147483647;
			files = (
				ABFC0F26196E414800749E47 /* CoreBluetooth.framework in Frameworks */,
				ABE6CEF91940CA1C00941696 /* libMetaWearAPI.a in Frameworks */,
				AB8553C61940C86B007AE023 /* CoreGraphics.framework in Frameworks */,
				AB8553C81940C86B007AE023 /* UIKit.framework in Frameworks */,
				AB8553C41940C86B007AE023 /* Foundation.framework in Frameworks */,
			);
			runOnlyForDeploymentPostprocessing = 0;
		};
		AB8553E11940C86B007AE023 /* Frameworks */ = {
			isa = PBXFrameworksBuildPhase;
			buildActionMask = 2147483647;
			files = (
				AB8553E61940C86B007AE023 /* XCTest.framework in Frameworks */,
				AB8553E81940C86B007AE023 /* UIKit.framework in Frameworks */,
				AB8553E71940C86B007AE023 /* Foundation.framework in Frameworks */,
			);
			runOnlyForDeploymentPostprocessing = 0;
		};
/* End PBXFrameworksBuildPhase section */

/* Begin PBXGroup section */
		AB8553B71940C86B007AE023 = {
			isa = PBXGroup;
			children = (
				AB85540D1940C926007AE023 /* MetaWearAPI */,
				ABFC0F18196E378000749E47 /* DFU */,
				AB8553C91940C86B007AE023 /* MetaWearApp */,
				AB8553EB1940C86B007AE023 /* MetaWearAppTests */,
				AB8553C21940C86B007AE023 /* Frameworks */,
				AB8553C11940C86B007AE023 /* Products */,
			);
			sourceTree = "<group>";
		};
		AB8553C11940C86B007AE023 /* Products */ = {
			isa = PBXGroup;
			children = (
				AB8553C01940C86B007AE023 /* MetaWearApp.app */,
				AB8553E41940C86B007AE023 /* MetaWearAppTests.xctest */,
			);
			name = Products;
			sourceTree = "<group>";
		};
		AB8553C21940C86B007AE023 /* Frameworks */ = {
			isa = PBXGroup;
			children = (
				ABFC0F25196E414800749E47 /* CoreBluetooth.framework */,
				AB8553C31940C86B007AE023 /* Foundation.framework */,
				AB8553C51940C86B007AE023 /* CoreGraphics.framework */,
				AB8553C71940C86B007AE023 /* UIKit.framework */,
				AB8553E51940C86B007AE023 /* XCTest.framework */,
			);
			name = Frameworks;
			sourceTree = "<group>";
		};
		AB8553C91940C86B007AE023 /* MetaWearApp */ = {
			isa = PBXGroup;
			children = (
				AB8554011940C90A007AE023 /* AccelerometerViewController.h */,
				AB8554021940C90A007AE023 /* AccelerometerViewController.m */,
				AB8554051940C90A007AE023 /* AppDelegate.h */,
				AB8554061940C90A007AE023 /* AppDelegate.m */,
				AB6D5C2A197514B70046AA25 /* BeaconViewController.h */,
				AB6D5C2B197514B70046AA25 /* BeaconViewController.m */,
				AB6D5C2D1976058B0046AA25 /* DFUBootViewController.h */,
				AB6D5C2E1976058B0046AA25 /* DFUBootViewController.m */,
				AB6D5C40197611950046AA25 /* DFUUploadViewController.h */,
				AB6D5C41197611950046AA25 /* DFUUploadViewController.m */,
				AB8553FD1940C90A007AE023 /* FinderViewController.h */,
				AB8553FE1940C90A007AE023 /* FinderViewController.m */,
				ABE6CEFC1940CA8A00941696 /* Images */,
				D0BF7224197E3FBE006AEE66 /* Images.xcassets */,
				AB8553FF1940C90A007AE023 /* LedViewController.h */,
				AB8554001940C90A007AE023 /* LedViewController.m */,
				AB8553D81940C86B007AE023 /* Main_iPad.storyboard */,
				AB8553D51940C86B007AE023 /* Main_iPhone.storyboard */,
				D0907BAD197F602C000C499B /* MBLAccelerometerData.h */,
				D0907BAE197F602C000C499B /* MBLAccelerometerData.m */,
				AB8553FB1940C90A007AE023 /* MetaWearViewController.h */,
				AB8553FC1940C90A007AE023 /* MetaWearViewController.m */,
				ABFC0F12196E1FE800749E47 /* RootTableViewController.h */,
				ABFC0F13196E1FE800749E47 /* RootTableViewController.m */,
				D0BF7221197E0276006AEE66 /* StartViewController.h */,
				D0BF7222197E0276006AEE66 /* StartViewController.m */,
				AB8554031940C90A007AE023 /* StatusViewController.h */,
				AB8554041940C90A007AE023 /* StatusViewController.m */,
				ABE6CEFD1940CA9800941696 /* Support */,
				AB8553CA1940C86B007AE023 /* Supporting Files */,
			);
			path = MetaWearApp;
			sourceTree = "<group>";
		};
		AB8553CA1940C86B007AE023 /* Supporting Files */ = {
			isa = PBXGroup;
			children = (
				AB8553CB1940C86B007AE023 /* MetaWearApp-Info.plist */,
				AB8553CC1940C86B007AE023 /* InfoPlist.strings */,
				AB8553CF1940C86B007AE023 /* main.m */,
				AB8553D11940C86B007AE023 /* MetaWearApp-Prefix.pch */,
			);
			name = "Supporting Files";
			sourceTree = "<group>";
		};
		AB8553EB1940C86B007AE023 /* MetaWearAppTests */ = {
			isa = PBXGroup;
			children = (
				AB8553F11940C86B007AE023 /* MetaWearAppTests.m */,
				AB8553EC1940C86B007AE023 /* Supporting Files */,
			);
			path = MetaWearAppTests;
			sourceTree = "<group>";
		};
		AB8553EC1940C86B007AE023 /* Supporting Files */ = {
			isa = PBXGroup;
			children = (
				AB8553ED1940C86B007AE023 /* MetaWearAppTests-Info.plist */,
				AB8553EE1940C86B007AE023 /* InfoPlist.strings */,
			);
			name = "Supporting Files";
			sourceTree = "<group>";
		};
		AB85540D1940C926007AE023 /* MetaWearAPI */ = {
			isa = PBXGroup;
			children = (
				ABE6CEF51940CA1C00941696 /* libMetaWearAPI.a */,
				ABE6CEF61940CA1C00941696 /* MetaWearAPI.h */,
				ABE6CEF71940CA1C00941696 /* MetaWearDelegate.h */,
				ABE6CEFA1940CA1F00941696 /* Bluetooth */,
			);
			name = MetaWearAPI;
			sourceTree = "<group>";
		};
		ABE6CEFA1940CA1F00941696 /* Bluetooth */ = {
			isa = PBXGroup;
			children = (
				ABB0948C19630BBC00BDE8ED /* BLEDevice.h */,
				ABB0948D19630BBC00BDE8ED /* BLEUtility.h */,
				ABB0948E19630BBC00BDE8ED /* Sensors.h */,
			);
			name = Bluetooth;
			sourceTree = "<group>";
		};
		ABE6CEFC1940CA8A00941696 /* Images */ = {
			isa = PBXGroup;
			children = (
				ABE6CEFE1940CAC000941696 /* close_range.png */,
				ABE6CEFF1940CAC000941696 /* close1_range.png */,
				ABE6CF001940CAC000941696 /* close2_range.png */,
				ABE6CF011940CAC000941696 /* close3_range.png */,
				ABE6CF021940CAC000941696 /* close4_range.png */,
			);
			name = Images;
			sourceTree = "<group>";
		};
		ABE6CEFD1940CA9800941696 /* Support */ = {
			isa = PBXGroup;
			children = (
				ABE6CF111940CB3C00941696 /* ColorPicker */,
				ABE6CF081940CAF700941696 /* Accelerometer */,
			);
			name = Support;
			sourceTree = "<group>";
		};
		ABE6CF081940CAF700941696 /* Accelerometer */ = {
			isa = PBXGroup;
			children = (
				ABE6CF091940CB2200941696 /* AccelerometerFilter.h */,
				ABE6CF0A1940CB2200941696 /* AccelerometerFilter.m */,
				ABE6CF0B1940CB2200941696 /* GraphView.h */,
				ABE6CF0C1940CB2200941696 /* GraphView.m */,
			);
			name = Accelerometer;
			sourceTree = "<group>";
		};
		ABE6CF111940CB3C00941696 /* ColorPicker */ = {
			isa = PBXGroup;
			children = (
				ABE6CF341940CBB800941696 /* ColorPickerClasses */,
				ABE6CF231940CB9300941696 /* RSBrightnessSlider.h */,
				ABE6CF241940CB9300941696 /* RSBrightnessSlider.m */,
				ABE6CF251940CB9300941696 /* RSColorPicker-Info.plist */,
				ABE6CF271940CB9300941696 /* RSColorPicker-Prefix.pch */,
				ABE6CF281940CB9300941696 /* RSColorPickerAppDelegate.h */,
				ABE6CF291940CB9300941696 /* RSColorPickerAppDelegate.m */,
				ABE6CF2A1940CB9300941696 /* RSOpacitySlider.h */,
				ABE6CF2B1940CB9300941696 /* RSOpacitySlider.m */,
				ABE6CF2C1940CB9300941696 /* TestColorViewController.h */,
				ABE6CF2D1940CB9300941696 /* TestColorViewController.m */,
			);
			name = ColorPicker;
			sourceTree = "<group>";
		};
		ABE6CF341940CBB800941696 /* ColorPickerClasses */ = {
			isa = PBXGroup;
			children = (
				ABE6CF591940CC5400941696 /* ANImageBitmapRep */,
				ABE6CF471940CC2200941696 /* BGRSLoupeLayer.h */,
				ABE6CF481940CC2200941696 /* BGRSLoupeLayer.m */,
				ABE6CF491940CC2200941696 /* RSColorFunctions.h */,
				ABE6CF4A1940CC2200941696 /* RSColorFunctions.m */,
				ABE6CF4B1940CC2200941696 /* RSColorPickerState.h */,
				ABE6CF4C1940CC2200941696 /* RSColorPickerState.m */,
				ABE6CF4D1940CC2200941696 /* RSColorPickerView.h */,
				ABE6CF4E1940CC2200941696 /* RSColorPickerView.m */,
				ABE6CF4F1940CC2200941696 /* RSGenerateOperation.h */,
				ABE6CF501940CC2200941696 /* RSGenerateOperation.m */,
				ABE6CF511940CC2200941696 /* RSSelectionLayer.h */,
				ABE6CF521940CC2200941696 /* RSSelectionLayer.m */,
			);
			name = ColorPickerClasses;
			sourceTree = "<group>";
		};
		ABE6CF591940CC5400941696 /* ANImageBitmapRep */ = {
			isa = PBXGroup;
			children = (
				ABE6CF831940CD2200941696 /* Manipulators */,
				ABE6CF761940CCF200941696 /* CoreGraphics */,
				ABE6CF661940CC9E00941696 /* Compatability */,
				ABE6CF601940CC9400941696 /* ANImageBitmapRep.h */,
				ABE6CF611940CC9400941696 /* ANImageBitmapRep.m */,
				ABE6CF621940CC9400941696 /* BitmapContextRep.h */,
				ABE6CF631940CC9400941696 /* BitmapContextRep.m */,
			);
			name = ANImageBitmapRep;
			sourceTree = "<group>";
		};
		ABE6CF661940CC9E00941696 /* Compatability */ = {
			isa = PBXGroup;
			children = (
				ABE6CFA21940CD7200941696 /* UIImage+ANImageBitmapRep.h */,
				ABE6CFA31940CD7200941696 /* UIImage+ANImageBitmapRep.m */,
				ABE6CF701940CCE900941696 /* NSImage+ANImageBitmapRep.h */,
				ABE6CF711940CCE900941696 /* NSImage+ANImageBitmapRep.m */,
				ABE6CF721940CCE900941696 /* OSCommonImage.h */,
				ABE6CF731940CCE900941696 /* OSCommonImage.m */,
			);
			name = Compatability;
			sourceTree = "<group>";
		};
		ABE6CF761940CCF200941696 /* CoreGraphics */ = {
			isa = PBXGroup;
			children = (
				ABE6CF7D1940CD1B00941696 /* CGContextCreator.h */,
				ABE6CF7E1940CD1B00941696 /* CGContextCreator.m */,
				ABE6CF7F1940CD1B00941696 /* CGImageContainer.h */,
				ABE6CF801940CD1B00941696 /* CGImageContainer.m */,
			);
			name = CoreGraphics;
			sourceTree = "<group>";
		};
		ABE6CF831940CD2200941696 /* Manipulators */ = {
			isa = PBXGroup;
			children = (
				ABE6CF931940CD6600941696 /* BitmapContextManipulator.h */,
				ABE6CF941940CD6600941696 /* BitmapContextManipulator.m */,
				ABE6CF951940CD6600941696 /* BitmapCropManipulator.h */,
				ABE6CF961940CD6600941696 /* BitmapCropManipulator.m */,
				ABE6CF971940CD6600941696 /* BitmapDrawManipulator.h */,
				ABE6CF981940CD6600941696 /* BitmapDrawManipulator.m */,
				ABE6CF991940CD6600941696 /* BitmapRotationManipulator.h */,
				ABE6CF9A1940CD6600941696 /* BitmapRotationManipulator.m */,
				ABE6CF9B1940CD6600941696 /* BitmapScaleManipulator.h */,
				ABE6CF9C1940CD6600941696 /* BitmapScaleManipulator.m */,
			);
			name = Manipulators;
			sourceTree = "<group>";
		};
		ABFC0F18196E378000749E47 /* DFU */ = {
			isa = PBXGroup;
			children = (
				AB6D5C3C197610210046AA25 /* 0-BARS.png */,
				AB6D5C3D197610210046AA25 /* 0-BARS@2x.png */,
				AB6D5C38197610180046AA25 /* 1-BAR.png */,
				AB6D5C39197610180046AA25 /* 1-BAR@2x.png */,
				AB6D5C30197610050046AA25 /* 2-BARS.png */,
				AB6D5C31197610050046AA25 /* 2-BARS@2x.png */,
				AB6D5C341976100F0046AA25 /* 3-BARS.png */,
				AB6D5C351976100F0046AA25 /* 3-BARS@2x.png */,
				ABD6B2D31974C08E00398A48 /* DFUController.h */,
				ABD6B2D41974C08E00398A48 /* DFUController.m */,
				ABD6B2D51974C08E00398A48 /* DFUTargetAdapter.h */,
				ABD6B2D61974C08E00398A48 /* DFUTargetAdapter.m */,
				AB6D5C281975140E0046AA25 /* metawear.bin */,
			);
			name = DFU;
			sourceTree = "<group>";
		};
/* End PBXGroup section */

/* Begin PBXNativeTarget section */
		AB8553BF1940C86B007AE023 /* MetaWearApp */ = {
			isa = PBXNativeTarget;
			buildConfigurationList = AB8553F51940C86B007AE023 /* Build configuration list for PBXNativeTarget "MetaWearApp" */;
			buildPhases = (
				AB8553BC1940C86B007AE023 /* Sources */,
				AB8553BD1940C86B007AE023 /* Frameworks */,
				AB8553BE1940C86B007AE023 /* Resources */,
			);
			buildRules = (
			);
			dependencies = (
			);
			name = MetaWearApp;
			productName = MetaWearApp;
			productReference = AB8553C01940C86B007AE023 /* MetaWearApp.app */;
			productType = "com.apple.product-type.application";
		};
		AB8553E31940C86B007AE023 /* MetaWearAppTests */ = {
			isa = PBXNativeTarget;
			buildConfigurationList = AB8553F81940C86B007AE023 /* Build configuration list for PBXNativeTarget "MetaWearAppTests" */;
			buildPhases = (
				AB8553E01940C86B007AE023 /* Sources */,
				AB8553E11940C86B007AE023 /* Frameworks */,
				AB8553E21940C86B007AE023 /* Resources */,
			);
			buildRules = (
			);
			dependencies = (
				AB8553EA1940C86B007AE023 /* PBXTargetDependency */,
			);
			name = MetaWearAppTests;
			productName = MetaWearAppTests;
			productReference = AB8553E41940C86B007AE023 /* MetaWearAppTests.xctest */;
			productType = "com.apple.product-type.bundle.unit-test";
		};
/* End PBXNativeTarget section */

/* Begin PBXProject section */
		AB8553B81940C86B007AE023 /* Project object */ = {
			isa = PBXProject;
			attributes = {
				LastUpgradeCheck = 0510;
				ORGANIZATIONNAME = "Laura Kassovic";
				TargetAttributes = {
					AB8553BF1940C86B007AE023 = {
						DevelopmentTeam = V9V8S5TL85;
						SystemCapabilities = {
							com.apple.BackgroundModes = {
								enabled = 1;
							};
						};
					};
					AB8553E31940C86B007AE023 = {
						TestTargetID = AB8553BF1940C86B007AE023;
					};
				};
			};
			buildConfigurationList = AB8553BB1940C86B007AE023 /* Build configuration list for PBXProject "MetaWearApp" */;
			compatibilityVersion = "Xcode 3.2";
			developmentRegion = English;
			hasScannedForEncodings = 0;
			knownRegions = (
				en,
				Base,
			);
			mainGroup = AB8553B71940C86B007AE023;
			productRefGroup = AB8553C11940C86B007AE023 /* Products */;
			projectDirPath = "";
			projectRoot = "";
			targets = (
				AB8553BF1940C86B007AE023 /* MetaWearApp */,
				AB8553E31940C86B007AE023 /* MetaWearAppTests */,
			);
		};
/* End PBXProject section */

/* Begin PBXResourcesBuildPhase section */
		AB8553BE1940C86B007AE023 /* Resources */ = {
			isa = PBXResourcesBuildPhase;
			buildActionMask = 2147483647;
			files = (
				ABE6CF061940CAC000941696 /* close3_range.png in Resources */,
				AB6D5C361976100F0046AA25 /* 3-BARS.png in Resources */,
				AB8553DA1940C86B007AE023 /* Main_iPad.storyboard in Resources */,
				AB6D5C3B197610180046AA25 /* 1-BAR@2x.png in Resources */,
				AB6D5C3E197610210046AA25 /* 0-BARS.png in Resources */,
				ABE6CF071940CAC000941696 /* close4_range.png in Resources */,
				AB6D5C3F197610210046AA25 /* 0-BARS@2x.png in Resources */,
				ABE6CF2F1940CB9300941696 /* RSColorPicker-Info.plist in Resources */,
				AB6D5C291975140E0046AA25 /* metawear.bin in Resources */,
				AB8553D71940C86B007AE023 /* Main_iPhone.storyboard in Resources */,
				AB6D5C33197610050046AA25 /* 2-BARS@2x.png in Resources */,
				ABE6CF051940CAC000941696 /* close2_range.png in Resources */,
				AB6D5C371976100F0046AA25 /* 3-BARS@2x.png in Resources */,
				AB6D5C32197610050046AA25 /* 2-BARS.png in Resources */,
				AB8553CE1940C86B007AE023 /* InfoPlist.strings in Resources */,
				D0BF7225197E3FBE006AEE66 /* Images.xcassets in Resources */,
				ABE6CF041940CAC000941696 /* close1_range.png in Resources */,
				ABE6CF031940CAC000941696 /* close_range.png in Resources */,
				AB6D5C3A197610180046AA25 /* 1-BAR.png in Resources */,
			);
			runOnlyForDeploymentPostprocessing = 0;
		};
		AB8553E21940C86B007AE023 /* Resources */ = {
			isa = PBXResourcesBuildPhase;
			buildActionMask = 2147483647;
			files = (
				AB8553F01940C86B007AE023 /* InfoPlist.strings in Resources */,
			);
			runOnlyForDeploymentPostprocessing = 0;
		};
/* End PBXResourcesBuildPhase section */

/* Begin PBXSourcesBuildPhase section */
		AB8553BC1940C86B007AE023 /* Sources */ = {
			isa = PBXSourcesBuildPhase;
			buildActionMask = 2147483647;
			files = (
				AB8554071940C90A007AE023 /* MetaWearViewController.m in Sources */,
				ABE6CF531940CC2200941696 /* BGRSLoupeLayer.m in Sources */,
				ABE6CF551940CC2200941696 /* RSColorPickerState.m in Sources */,
				ABE6CF651940CC9400941696 /* BitmapContextRep.m in Sources */,
				ABE6CF811940CD1B00941696 /* CGContextCreator.m in Sources */,
				ABE6CF0D1940CB2200941696 /* AccelerometerFilter.m in Sources */,
				ABE6CFA01940CD6600941696 /* BitmapRotationManipulator.m in Sources */,
				ABE6CF311940CB9300941696 /* RSColorPickerAppDelegate.m in Sources */,
				AB6D5C2F1976058B0046AA25 /* DFUBootViewController.m in Sources */,
				D0907BAF197F602C000C499B /* MBLAccelerometerData.m in Sources */,
				ABE6CF571940CC2200941696 /* RSGenerateOperation.m in Sources */,
				ABE6CFA41940CD7200941696 /* UIImage+ANImageBitmapRep.m in Sources */,
				ABE6CF331940CB9300941696 /* TestColorViewController.m in Sources */,
				ABD6B2DA1974C08E00398A48 /* DFUTargetAdapter.m in Sources */,
				ABE6CF641940CC9400941696 /* ANImageBitmapRep.m in Sources */,
				AB8554081940C90A007AE023 /* FinderViewController.m in Sources */,
				D0BF7223197E0276006AEE66 /* StartViewController.m in Sources */,
				ABE6CF0E1940CB2200941696 /* GraphView.m in Sources */,
				ABE6CF581940CC2200941696 /* RSSelectionLayer.m in Sources */,
				ABE6CFA11940CD6600941696 /* BitmapScaleManipulator.m in Sources */,
				ABD6B2D91974C08E00398A48 /* DFUController.m in Sources */,
				ABE6CF741940CCE900941696 /* NSImage+ANImageBitmapRep.m in Sources */,
				AB8554091940C90A007AE023 /* LedViewController.m in Sources */,
				ABE6CF541940CC2200941696 /* RSColorFunctions.m in Sources */,
				ABE6CF9E1940CD6600941696 /* BitmapCropManipulator.m in Sources */,
				AB85540A1940C90A007AE023 /* AccelerometerViewController.m in Sources */,
				AB85540B1940C90A007AE023 /* StatusViewController.m in Sources */,
				AB8553D01940C86B007AE023 /* main.m in Sources */,
				AB6D5C2C197514B70046AA25 /* BeaconViewController.m in Sources */,
				ABE6CF9D1940CD6600941696 /* BitmapContextManipulator.m in Sources */,
				AB6D5C42197611950046AA25 /* DFUUploadViewController.m in Sources */,
				ABE6CF751940CCE900941696 /* OSCommonImage.m in Sources */,
				ABE6CF321940CB9300941696 /* RSOpacitySlider.m in Sources */,
				ABE6CF561940CC2200941696 /* RSColorPickerView.m in Sources */,
				ABE6CF821940CD1B00941696 /* CGImageContainer.m in Sources */,
				ABE6CF9F1940CD6600941696 /* BitmapDrawManipulator.m in Sources */,
				ABE6CF2E1940CB9300941696 /* RSBrightnessSlider.m in Sources */,
				AB85540C1940C90A007AE023 /* AppDelegate.m in Sources */,
				ABFC0F14196E1FE800749E47 /* RootTableViewController.m in Sources */,
			);
			runOnlyForDeploymentPostprocessing = 0;
		};
		AB8553E01940C86B007AE023 /* Sources */ = {
			isa = PBXSourcesBuildPhase;
			buildActionMask = 2147483647;
			files = (
				AB8553F21940C86B007AE023 /* MetaWearAppTests.m in Sources */,
			);
			runOnlyForDeploymentPostprocessing = 0;
		};
/* End PBXSourcesBuildPhase section */

/* Begin PBXTargetDependency section */
		AB8553EA1940C86B007AE023 /* PBXTargetDependency */ = {
			isa = PBXTargetDependency;
			target = AB8553BF1940C86B007AE023 /* MetaWearApp */;
			targetProxy = AB8553E91940C86B007AE023 /* PBXContainerItemProxy */;
		};
/* End PBXTargetDependency section */

/* Begin PBXVariantGroup section */
		AB8553CC1940C86B007AE023 /* InfoPlist.strings */ = {
			isa = PBXVariantGroup;
			children = (
				AB8553CD1940C86B007AE023 /* en */,
			);
			name = InfoPlist.strings;
			sourceTree = "<group>";
		};
		AB8553D51940C86B007AE023 /* Main_iPhone.storyboard */ = {
			isa = PBXVariantGroup;
			children = (
				AB8553D61940C86B007AE023 /* Base */,
			);
			name = Main_iPhone.storyboard;
			sourceTree = "<group>";
		};
		AB8553D81940C86B007AE023 /* Main_iPad.storyboard */ = {
			isa = PBXVariantGroup;
			children = (
				AB8553D91940C86B007AE023 /* Base */,
			);
			name = Main_iPad.storyboard;
			sourceTree = "<group>";
		};
		AB8553EE1940C86B007AE023 /* InfoPlist.strings */ = {
			isa = PBXVariantGroup;
			children = (
				AB8553EF1940C86B007AE023 /* en */,
			);
			name = InfoPlist.strings;
			sourceTree = "<group>";
		};
/* End PBXVariantGroup section */

/* Begin XCBuildConfiguration section */
		AB8553F31940C86B007AE023 /* Debug */ = {
			isa = XCBuildConfiguration;
			buildSettings = {
				ALWAYS_SEARCH_USER_PATHS = NO;
				CLANG_CXX_LANGUAGE_STANDARD = "gnu++0x";
				CLANG_CXX_LIBRARY = "libc++";
				CLANG_ENABLE_MODULES = YES;
				CLANG_ENABLE_OBJC_ARC = YES;
				CLANG_WARN_BOOL_CONVERSION = YES;
				CLANG_WARN_CONSTANT_CONVERSION = YES;
				CLANG_WARN_DIRECT_OBJC_ISA_USAGE = YES_ERROR;
				CLANG_WARN_EMPTY_BODY = YES;
				CLANG_WARN_ENUM_CONVERSION = YES;
				CLANG_WARN_INT_CONVERSION = YES;
				CLANG_WARN_OBJC_ROOT_CLASS = YES_ERROR;
				CLANG_WARN__DUPLICATE_METHOD_MATCH = YES;
				CODE_SIGN_IDENTITY = "iPhone Developer: Laura Kassovic (Y8X3927EVV)";
				"CODE_SIGN_IDENTITY[sdk=iphoneos*]" = "iPhone Developer: Laura Kassovic (Y8X3927EVV)";
				COPY_PHASE_STRIP = NO;
				GCC_C_LANGUAGE_STANDARD = gnu99;
				GCC_DYNAMIC_NO_PIC = NO;
				GCC_OPTIMIZATION_LEVEL = 0;
				GCC_PREPROCESSOR_DEFINITIONS = (
					"DEBUG=1",
					"$(inherited)",
				);
				GCC_SYMBOLS_PRIVATE_EXTERN = NO;
				GCC_WARN_64_TO_32_BIT_CONVERSION = YES;
				GCC_WARN_ABOUT_RETURN_TYPE = YES_ERROR;
				GCC_WARN_UNDECLARED_SELECTOR = YES;
				GCC_WARN_UNINITIALIZED_AUTOS = YES_AGGRESSIVE;
				GCC_WARN_UNUSED_FUNCTION = YES;
				GCC_WARN_UNUSED_VARIABLE = YES;
				IPHONEOS_DEPLOYMENT_TARGET = 7.1;
				ONLY_ACTIVE_ARCH = YES;
				PROVISIONING_PROFILE = "8B47ACFD-9190-41E7-972D-D49CAFC2E48D";
				SDKROOT = iphoneos;
				TARGETED_DEVICE_FAMILY = "1,2";
			};
			name = Debug;
		};
		AB8553F41940C86B007AE023 /* Release */ = {
			isa = XCBuildConfiguration;
			buildSettings = {
				ALWAYS_SEARCH_USER_PATHS = NO;
				CLANG_CXX_LANGUAGE_STANDARD = "gnu++0x";
				CLANG_CXX_LIBRARY = "libc++";
				CLANG_ENABLE_MODULES = YES;
				CLANG_ENABLE_OBJC_ARC = YES;
				CLANG_WARN_BOOL_CONVERSION = YES;
				CLANG_WARN_CONSTANT_CONVERSION = YES;
				CLANG_WARN_DIRECT_OBJC_ISA_USAGE = YES_ERROR;
				CLANG_WARN_EMPTY_BODY = YES;
				CLANG_WARN_ENUM_CONVERSION = YES;
				CLANG_WARN_INT_CONVERSION = YES;
				CLANG_WARN_OBJC_ROOT_CLASS = YES_ERROR;
				CLANG_WARN__DUPLICATE_METHOD_MATCH = YES;
				CODE_SIGN_IDENTITY = "iPhone Developer: Laura Kassovic (Y8X3927EVV)";
				"CODE_SIGN_IDENTITY[sdk=iphoneos*]" = "iPhone Developer: Laura Kassovic (Y8X3927EVV)";
				COPY_PHASE_STRIP = YES;
				ENABLE_NS_ASSERTIONS = NO;
				GCC_C_LANGUAGE_STANDARD = gnu99;
				GCC_WARN_64_TO_32_BIT_CONVERSION = YES;
				GCC_WARN_ABOUT_RETURN_TYPE = YES_ERROR;
				GCC_WARN_UNDECLARED_SELECTOR = YES;
				GCC_WARN_UNINITIALIZED_AUTOS = YES_AGGRESSIVE;
				GCC_WARN_UNUSED_FUNCTION = YES;
				GCC_WARN_UNUSED_VARIABLE = YES;
				IPHONEOS_DEPLOYMENT_TARGET = 7.1;
				PROVISIONING_PROFILE = "8B47ACFD-9190-41E7-972D-D49CAFC2E48D";
				SDKROOT = iphoneos;
				TARGETED_DEVICE_FAMILY = "1,2";
				VALIDATE_PRODUCT = YES;
			};
			name = Release;
		};
		AB8553F61940C86B007AE023 /* Debug */ = {
			isa = XCBuildConfiguration;
			buildSettings = {
				ASSETCATALOG_COMPILER_APPICON_NAME = AppIcon;
				ASSETCATALOG_COMPILER_LAUNCHIMAGE_NAME = LaunchImage;
				CODE_SIGN_IDENTITY = "iPhone Developer";
				"CODE_SIGN_IDENTITY[sdk=iphoneos*]" = "iPhone Developer";
				GCC_PRECOMPILE_PREFIX_HEADER = YES;
				GCC_PREFIX_HEADER = "MetaWearApp/MetaWearApp-Prefix.pch";
				INFOPLIST_FILE = "MetaWearApp/MetaWearApp-Info.plist";
				LIBRARY_SEARCH_PATHS = (
					"$(inherited)",
					"$(PROJECT_DIR)",
					"$(PROJECT_DIR)/MetaWearApp/MetaWearAPI",
				);
				ONLY_ACTIVE_ARCH = NO;
				PRODUCT_NAME = "$(TARGET_NAME)";
				PROVISIONING_PROFILE = "";
				TARGETED_DEVICE_FAMILY = 1;
				WRAPPER_EXTENSION = app;
			};
			name = Debug;
		};
		AB8553F71940C86B007AE023 /* Release */ = {
			isa = XCBuildConfiguration;
			buildSettings = {
				ASSETCATALOG_COMPILER_APPICON_NAME = AppIcon;
				ASSETCATALOG_COMPILER_LAUNCHIMAGE_NAME = LaunchImage;
				CODE_SIGN_IDENTITY = "iPhone Developer";
				"CODE_SIGN_IDENTITY[sdk=iphoneos*]" = "iPhone Developer";
				GCC_PRECOMPILE_PREFIX_HEADER = YES;
				GCC_PREFIX_HEADER = "MetaWearApp/MetaWearApp-Prefix.pch";
				INFOPLIST_FILE = "MetaWearApp/MetaWearApp-Info.plist";
				LIBRARY_SEARCH_PATHS = (
					"$(inherited)",
					"$(PROJECT_DIR)",
					"$(PROJECT_DIR)/MetaWearApp/MetaWearAPI",
				);
				PRODUCT_NAME = "$(TARGET_NAME)";
				PROVISIONING_PROFILE = "";
				TARGETED_DEVICE_FAMILY = 1;
				WRAPPER_EXTENSION = app;
			};
			name = Release;
		};
		AB8553F91940C86B007AE023 /* Debug */ = {
			isa = XCBuildConfiguration;
			buildSettings = {
				BUNDLE_LOADER = "$(BUILT_PRODUCTS_DIR)/MetaWearApp.app/MetaWearApp";
				FRAMEWORK_SEARCH_PATHS = (
					"$(SDKROOT)/Developer/Library/Frameworks",
					"$(inherited)",
					"$(DEVELOPER_FRAMEWORKS_DIR)",
				);
				GCC_PRECOMPILE_PREFIX_HEADER = YES;
				GCC_PREFIX_HEADER = "MetaWearApp/MetaWearApp-Prefix.pch";
				GCC_PREPROCESSOR_DEFINITIONS = (
					"DEBUG=1",
					"$(inherited)",
				);
				INFOPLIST_FILE = "MetaWearAppTests/MetaWearAppTests-Info.plist";
				PRODUCT_NAME = "$(TARGET_NAME)";
				TEST_HOST = "$(BUNDLE_LOADER)";
				WRAPPER_EXTENSION = xctest;
			};
			name = Debug;
		};
		AB8553FA1940C86B007AE023 /* Release */ = {
			isa = XCBuildConfiguration;
			buildSettings = {
				BUNDLE_LOADER = "$(BUILT_PRODUCTS_DIR)/MetaWearApp.app/MetaWearApp";
				FRAMEWORK_SEARCH_PATHS = (
					"$(SDKROOT)/Developer/Library/Frameworks",
					"$(inherited)",
					"$(DEVELOPER_FRAMEWORKS_DIR)",
				);
				GCC_PRECOMPILE_PREFIX_HEADER = YES;
				GCC_PREFIX_HEADER = "MetaWearApp/MetaWearApp-Prefix.pch";
				INFOPLIST_FILE = "MetaWearAppTests/MetaWearAppTests-Info.plist";
				PRODUCT_NAME = "$(TARGET_NAME)";
				TEST_HOST = "$(BUNDLE_LOADER)";
				WRAPPER_EXTENSION = xctest;
			};
			name = Release;
		};
/* End XCBuildConfiguration section */

/* Begin XCConfigurationList section */
		AB8553BB1940C86B007AE023 /* Build configuration list for PBXProject "MetaWearApp" */ = {
			isa = XCConfigurationList;
			buildConfigurations = (
				AB8553F31940C86B007AE023 /* Debug */,
				AB8553F41940C86B007AE023 /* Release */,
			);
			defaultConfigurationIsVisible = 0;
			defaultConfigurationName = Release;
		};
		AB8553F51940C86B007AE023 /* Build configuration list for PBXNativeTarget "MetaWearApp" */ = {
			isa = XCConfigurationList;
			buildConfigurations = (
				AB8553F61940C86B007AE023 /* Debug */,
				AB8553F71940C86B007AE023 /* Release */,
			);
			defaultConfigurationIsVisible = 0;
			defaultConfigurationName = Release;
		};
		AB8553F81940C86B007AE023 /* Build configuration list for PBXNativeTarget "MetaWearAppTests" */ = {
			isa = XCConfigurationList;
			buildConfigurations = (
				AB8553F91940C86B007AE023 /* Debug */,
				AB8553FA1940C86B007AE023 /* Release */,
			);
			defaultConfigurationIsVisible = 0;
			defaultConfigurationName = Release;
		};
/* End XCConfigurationList section */
	};
	rootObject = AB8553B81940C86B007AE023 /* Project object */;
}
